
Microsoft Visual Studio Solution File, Format Version 12.00
# Visual Studio 15
VisualStudioVersion = 15.0.28010.2026
MinimumVisualStudioVersion = 10.0.40219.1
Project("{FAE04EC0-301F-11D3-BF4B-00C04F79EFBC}") = "WindowsFormsApp.Mvvm", "WindowsFormsApp.Mvvm\WindowsFormsApp.Mvvm.csproj", "{4307D060-1582-4FE9-B50E-326AC28D2DF1}"
EndProject
Project("{FAE04EC0-301F-11D3-BF4B-00C04F79EFBC}") = "WindowsFormsApp.Mvvm.Business", "WindowsFormsApp.Mvvm.Business\WindowsFormsApp.Mvvm.Business.csproj", "{4B85EE2C-B7F0-4CBC-97AB-29EFEADFF341}"
EndProject
Project("{FAE04EC0-301F-11D3-BF4B-00C04F79EFBC}") = "WindowsFormsApp.Mvvm.Model", "WindowsFormsApp.Mvvm.Model\WindowsFormsApp.Mvvm.Model.csproj", "{1D8307AE-7DC7-4D41-94EB-85A9EE9E30AA}"
EndProject
Global
	GlobalSection(SolutionConfigurationPlatforms) = preSolution
		Debug|Any CPU = Debug|Any CPU
		Release|Any CPU = Release|Any CPU
	EndGlobalSection
	GlobalSection(ProjectConfigurationPlatforms) = postSolution
		{4307D060-1582-4FE9-B50E-326AC28D2DF1}.Debug|Any CPU.ActiveCfg = Debug|Any CPU
		{4307D060-1582-4FE9-B50E-326AC28D2DF1}.Debug|Any CPU.Build.0 = Debug|Any CPU
		{4307D060-1582-4FE9-B50E-326AC28D2DF1}.Release|Any CPU.ActiveCfg = Release|Any CPU
		{4307D060-1582-4FE9-B50E-326AC28D2DF1}.Release|Any CPU.Build.0 = Release|Any CPU
		{4B85EE2C-B7F0-4CBC-97AB-29EFEADFF341}.Debug|Any CPU.ActiveCfg = Debug|Any CPU
		{4B85EE2C-B7F0-4CBC-97AB-29EFEADFF341}.Debug|Any CPU.Build.0 = Debug|Any CPU
		{4B85EE2C-B7F0-4CBC-97AB-29EFEADFF341}.Release|Any CPU.ActiveCfg = Release|Any CPU
		{4B85EE2C-B7F0-4CBC-97AB-29EFEADFF341}.Release|Any CPU.Build.0 = Release|Any CPU
		{1D8307AE-7DC7-4D41-94EB-85A9EE9E30AA}.Debug|Any CPU.ActiveCfg = Debug|Any CPU
		{1D8307AE-7DC7-4D41-94EB-85A9EE9E30AA}.Debug|Any CPU.Build.0 = Debug|Any CPU
		{1D8307AE-7DC7-4D41-94EB-85A9EE9E30AA}.Release|Any CPU.ActiveCfg = Release|Any CPU
		{1D8307AE-7DC7-4D41-94EB-85A9EE9E30AA}.Release|Any CPU.Build.0 = Release|Any CPU
	EndGlobalSection
	GlobalSection(SolutionProperties) = preSolution
		HideSolutionNode = FALSE
	EndGlobalSection
	GlobalSection(ExtensibilityGlobals) = postSolution
		SolutionGuid = {CE52CF92-D804-4A43-B9BF-C4088F4FCD41}
	EndGlobalSection
EndGlobal
